
Microsoft Visual Studio Solution File, Format Version 12.00
# Visual Studio Version 17
VisualStudioVersion = 17.0.32014.148
MinimumVisualStudioVersion = 10.0.40219.1
Project("{9A19103F-16F7-4668-BE54-9A1E7A4F7556}") = "FChatSharp.Host", "FChatSharp.Host.csproj", "{76D4C96D-44C9-45FA-91B5-7F46DE3116C7}"
EndProject
Global
	GlobalSection(SolutionConfigurationPlatforms) = preSolution
		Debug|Any CPU = Debug|Any CPU
		Release|Any CPU = Release|Any CPU
	EndGlobalSection
	GlobalSection(ProjectConfigurationPlatforms) = postSolution
		{76D4C96D-44C9-45FA-91B5-7F46DE3116C7}.Debug|Any CPU.ActiveCfg = Debug|Any CPU
		{76D4C96D-44C9-45FA-91B5-7F46DE3116C7}.Debug|Any CPU.Build.0 = Debug|Any CPU
		{76D4C96D-44C9-45FA-91B5-7F46DE3116C7}.Release|Any CPU.ActiveCfg = Release|Any CPU
		{76D4C96D-44C9-45FA-91B5-7F46DE3116C7}.Release|Any CPU.Build.0 = Release|Any CPU
	EndGlobalSection
	GlobalSection(SolutionProperties) = preSolution
		HideSolutionNode = FALSE
	EndGlobalSection
	GlobalSection(ExtensibilityGlobals) = postSolution
		SolutionGuid = {DB23B93C-19F6-44AE-9ED6-377006F93F82}
	EndGlobalSection
EndGlobal
